
Microsoft Visual Studio Solution File, Format Version 12.00
# Visual Studio Version 16
VisualStudioVersion = 16.0.29709.97
MinimumVisualStudioVersion = 10.0.40219.1
Project("{2150E333-8FDC-42A3-9474-1A3956D46DE8}") = "1 - Presentation", "1 - Presentation", "{080170F3-0A22-450A-8C58-C9C1A2886BE6}"
EndProject
Project("{2150E333-8FDC-42A3-9474-1A3956D46DE8}") = "2 - Services", "2 - Services", "{13DB9370-D429-4613-8F67-561294A9FACA}"
EndProject
Project("{9A19103F-16F7-4668-BE54-9A1E7A4F7556}") = "TecLibras.UI.Web", "src\TecLibras.UI.Web\TecLibras.UI.Web.csproj", "{CC21316A-B83C-4F11-846D-01C9DB64C812}"
EndProject
Project("{9A19103F-16F7-4668-BE54-9A1E7A4F7556}") = "TecLibras.Services.Api", "src\TecLibras.Services.Api\TecLibras.Services.Api.csproj", "{8EC8CBED-9EA2-4B58-962F-486E96DE2F7D}"
EndProject
Global
	GlobalSection(SolutionConfigurationPlatforms) = preSolution
		Debug|Any CPU = Debug|Any CPU
		Release|Any CPU = Release|Any CPU
	EndGlobalSection
	GlobalSection(ProjectConfigurationPlatforms) = postSolution
		{CC21316A-B83C-4F11-846D-01C9DB64C812}.Debug|Any CPU.ActiveCfg = Debug|Any CPU
		{CC21316A-B83C-4F11-846D-01C9DB64C812}.Debug|Any CPU.Build.0 = Debug|Any CPU
		{CC21316A-B83C-4F11-846D-01C9DB64C812}.Release|Any CPU.ActiveCfg = Release|Any CPU
		{CC21316A-B83C-4F11-846D-01C9DB64C812}.Release|Any CPU.Build.0 = Release|Any CPU
		{8EC8CBED-9EA2-4B58-962F-486E96DE2F7D}.Debug|Any CPU.ActiveCfg = Debug|Any CPU
		{8EC8CBED-9EA2-4B58-962F-486E96DE2F7D}.Debug|Any CPU.Build.0 = Debug|Any CPU
		{8EC8CBED-9EA2-4B58-962F-486E96DE2F7D}.Release|Any CPU.ActiveCfg = Release|Any CPU
		{8EC8CBED-9EA2-4B58-962F-486E96DE2F7D}.Release|Any CPU.Build.0 = Release|Any CPU
	EndGlobalSection
	GlobalSection(SolutionProperties) = preSolution
		HideSolutionNode = FALSE
	EndGlobalSection
	GlobalSection(NestedProjects) = preSolution
		{CC21316A-B83C-4F11-846D-01C9DB64C812} = {080170F3-0A22-450A-8C58-C9C1A2886BE6}
		{8EC8CBED-9EA2-4B58-962F-486E96DE2F7D} = {13DB9370-D429-4613-8F67-561294A9FACA}
	EndGlobalSection
	GlobalSection(ExtensibilityGlobals) = postSolution
		SolutionGuid = {EA4494CB-C2E9-4618-9E01-F8073BC388C7}
	EndGlobalSection
EndGlobal
